# This file was autogenerated by Stack.
# You should not edit this file by hand.
# For more information, please see the documentation at:
#   https://docs.haskellstack.org/en/stable/lock_files

packages:
- completed:
    hackage: with-utf8-1.0.0.0@sha256:686e47588986d8080451b4e617118b579487dd4e085bba7bb36fac4198c90ae6,2480
    pantry-tree:
      size: 905
      sha256: 39176872f0dde9f9e09c9cb9496e2b7b10fa17cb9a6eca8d40ca4b2dcaaacc11
  original:
    hackage: with-utf8-1.0.0.0
snapshots:
- completed:
    size: 532377
    url: https://raw.githubusercontent.com/commercialhaskell/stackage-snapshots/master/lts/16/12.yaml
    sha256: f914cfa23fef85bdf895e300a8234d9d0edc2dbec67f4bc9c53f85867c50eab6
  original: lts-16.12
