# This file was autogenerated by Stack.
# You should not edit this file by hand.
# For more information, please see the documentation at:
#   https://docs.haskellstack.org/en/stable/lock_files

packages:
- completed:
    hackage: megaparsec-7.0.5@sha256:45e1f1348fab2783646fdb4d9e6097568981a740951c7356d36d794e2baba305,3902
    pantry-tree:
      size: 1428
      sha256: 1f8baf6e07326f8c8a2dd31de6b2860427f158b0892c52ba5fe9ffeb6cd3bf7f
  original:
    hackage: megaparsec-7.0.5
- completed:
    hackage: relude-0.5.0@sha256:8b9d5659c4c82dbd46883cfff24bb7cc71e21aaea868162921b691e06a3e8263,8706
    pantry-tree:
      size: 3939
      sha256: fce7c7016b612ef8919105980df3203e40bfc575dc296d11bf989232169325aa
  original:
    hackage: relude-0.5.0
- completed:
    hackage: prettyprinter-1.3.0@sha256:ec5617044a1088a37d009d005ed84159b67f18f47bfdac85fb428ec2a80c0788,5503
    pantry-tree:
      size: 2105
      sha256: 4377e72f4341cd9810a9f70137c21075e2b444a317784bb6f3d3f5ba2f463a6d
  original:
    hackage: prettyprinter-1.3.0
- completed:
    hackage: ordered-containers-0.2.2@sha256:ebf2be3f592d9cf148ea6b8375f8af97148d44f82d8d04476899285e965afdbf,810
    pantry-tree:
      size: 526
      sha256: 757fd75227afa0107f8eb3ebb467856b1d7456276eb501d510c9b06cb5395fbc
  original:
    hackage: ordered-containers-0.2.2
snapshots:
- completed:
    size: 498155
    url: https://raw.githubusercontent.com/commercialhaskell/stackage-snapshots/master/lts/13/19.yaml
    sha256: b9367a80d4393d02e58a46b8a9fdfbd7bc19f59c0c2bbf90034ba15cf52cf213
  original: lts-13.19
